gocv.io/x/gocv v0.29.0 h1:Zg5ZoIFSY4oBehoIRoSaSeY+KF+nvqv1O1qNmALiMec=
gocv.io/x/gocv v0.29.0/go.mod h1:oc6FvfYqfBp99p+yOEzs9tbYF9gOrAQSeL/dyIPefJU=
gocv.io/x/gocv v0.30.0 h1:r8RU4w0lfa65NdftHEeBtrDxCCLRDu1H7X3aI37IOtk=
gocv.io/x/gocv v0.30.0/go.mod h1:oc6FvfYqfBp99p+yOEzs9tbYF9gOrAQSeL/dyIPefJU=
gocv.io/x/gocv v0.31.0 h1:BHDtK8v+YPvoSPQTTiZB2fM/7BLg6511JqkruY2z6LQ=
gocv.io/x/gocv v0.31.0/go.mod h1:oc6FvfYqfBp99p+yOEzs9tbYF9gOrAQSeL/dyIPefJU=
gocv.io/x/gocv v0.32.0 h1:KPj/piKjLJQ0oKc0y0GFwTrnNX8zaK++118ereaYQkU=
gocv.io/x/gocv v0.32.0/go.mod h1:oc6FvfYqfBp99p+yOEzs9tbYF9gOrAQSeL/dyIPefJU=
gocv.io/x/gocv v0.32.1 h1:BC9hHs5+47nVgySUFVKntc6RsF3SULFzqk6OV9xz+C0=
gocv.io/x/gocv v0.32.1/go.mod h1:oc6FvfYqfBp99p+yOEzs9tbYF9gOrAQSeL/dyIPefJU=
gocv.io/x/gocv v0.33.0 h1:WDtaBrq92AKrhepYzEktydDzNSm3t5k7ciawZK4rns8=
gocv.io/x/gocv v0.33.0/go.mod h1:oc6FvfYqfBp99p+yOEzs9tbYF9gOrAQSeL/dyIPefJU=
